// !$*UTF8*$!
{
	archiveVersion = 1;
	classes = {
	};
	objectVersion = 46;
	objects = {

/* Begin PBXBuildFile section */
		09BB72411E92CB17001C8C85 /* AppDelegate.swift in Sources */ = {isa = PBXBuildFile; fileRef = 09BB72401E92CB17001C8C85 /* AppDelegate.swift */; };
		09BB72431E92CB17001C8C85 /* ViewController.swift in Sources */ = {isa = PBXBuildFile; fileRef = 09BB72421E92CB17001C8C85 /* ViewController.swift */; };
		09BB72461E92CB17001C8C85 /* Main.storyboard in Resources */ = {isa = PBXBuildFile; fileRef = 09BB72441E92CB17001C8C85 /* Main.storyboard */; };
		09BB72491E92CB17001C8C85 /* App_IntroCoreData.xcdatamodeld in Sources */ = {isa = PBXBuildFile; fileRef = 09BB72471E92CB17001C8C85 /* App_IntroCoreData.xcdatamodeld */; };
		09BB724B1E92CB17001C8C85 /* Assets.xcassets in Resources */ = {isa = PBXBuildFile; fileRef = 09BB724A1E92CB17001C8C85 /* Assets.xcassets */; };
		09BB724E1E92CB17001C8C85 /* LaunchScreen.storyboard in Resources */ = {isa = PBXBuildFile; fileRef = 09BB724C1E92CB17001C8C85 /* LaunchScreen.storyboard */; };
/* End PBXBuildFile section */

/* Begin PBXFileReference section */
		09BB723D1E92CB17001C8C85 /* App_IntroCoreData.app */ = {isa = PBXFileReference; explicitFileType = wrapper.application; includeInIndex = 0; path = App_IntroCoreData.app; sourceTree = BUILT_PRODUCTS_DIR; };
		09BB72401E92CB17001C8C85 /* AppDelegate.swift */ = {isa = PBXFileReference; lastKnownFileType = sourcecode.swift; path = AppDelegate.swift; sourceTree = "<group>"; };
		09BB72421E92CB17001C8C85 /* ViewController.swift */ = {isa = PBXFileReference; lastKnownFileType = sourcecode.swift; path = ViewController.swift; sourceTree = "<group>"; };
		09BB72451E92CB17001C8C85 /* Base */ = {isa = PBXFileReference; lastKnownFileType = file.storyboard; name = Base; path = Base.lproj/Main.storyboard; sourceTree = "<group>"; };
		09BB72481E92CB17001C8C85 /* App_IntroCoreData.xcdatamodel */ = {isa = PBXFileReference; lastKnownFileType = wrapper.xcdatamodel; path = App_IntroCoreData.xcdatamodel; sourceTree = "<group>"; };
		09BB724A1E92CB17001C8C85 /* Assets.xcassets */ = {isa = PBXFileReference; lastKnownFileType = folder.assetcatalog; path = Assets.xcassets; sourceTree = "<group>"; };
		09BB724D1E92CB17001C8C85 /* Base */ = {isa = PBXFileReference; lastKnownFileType = file.storyboard; name = Base; path = Base.lproj/LaunchScreen.storyboard; sourceTree = "<group>"; };
		09BB724F1E92CB17001C8C85 /* Info.plist */ = {isa = PBXFileReference; lastKnownFileType = text.plist.xml; path = Info.plist; sourceTree = "<group>"; };
/* End PBXFileReference section */

/* Begin PBXFrameworksBuildPhase section */
		09BB723A1E92CB17001C8C85 /* Frameworks */ = {
			isa = PBXFrameworksBuildPhase;
			buildActionMask = 2147483647;
			files = (
			);
			runOnlyForDeploymentPostprocessing = 0;
		};
/* End PBXFrameworksBuildPhase section */

/* Begin PBXGroup section */
		09BB72341E92CB17001C8C85 = {
			isa = PBXGroup;
			children = (
				09BB723F1E92CB17001C8C85 /* App_IntroCoreData */,
				09BB723E1E92CB17001C8C85 /* Products */,
			);
			sourceTree = "<group>";
		};
		09BB723E1E92CB17001C8C85 /* Products */ = {
			isa = PBXGroup;
			children = (
				09BB723D1E92CB17001C8C85 /* App_IntroCoreData.app */,
			);
			name = Products;
			sourceTree = "<group>";
		};
		09BB723F1E92CB17001C8C85 /* App_IntroCoreData */ = {
			isa = PBXGroup;
			children = (
				09BB72401E92CB17001C8C85 /* AppDelegate.swift */,
				09BB72421E92CB17001C8C85 /* ViewController.swift */,
				09BB72441E92CB17001C8C85 /* Main.storyboard */,
				09BB724A1E92CB17001C8C85 /* Assets.xcassets */,
				09BB724C1E92CB17001C8C85 /* LaunchScreen.storyboard */,
				09BB724F1E92CB17001C8C85 /* Info.plist */,
				09BB72471E92CB17001C8C85 /* App_IntroCoreData.xcdatamodeld */,
			);
			path = App_IntroCoreData;
			sourceTree = "<group>";
		};
/* End PBXGroup section */

/* Begin PBXNativeTarget section */
		09BB723C1E92CB17001C8C85 /* App_IntroCoreData */ = {
			isa = PBXNativeTarget;
			buildConfigurationList = 09BB72521E92CB17001C8C85 /* Build configuration list for PBXNativeTarget "App_IntroCoreData" */;
			buildPhases = (
				09BB72391E92CB17001C8C85 /* Sources */,
				09BB723A1E92CB17001C8C85 /* Frameworks */,
				09BB723B1E92CB17001C8C85 /* Resources */,
			);
			buildRules = (
			);
			dependencies = (
			);
			name = App_IntroCoreData;
			productName = App_IntroCoreData;
			productReference = 09BB723D1E92CB17001C8C85 /* App_IntroCoreData.app */;
			productType = "com.apple.product-type.application";
		};
/* End PBXNativeTarget section */

/* Begin PBXProject section */
		09BB72351E92CB17001C8C85 /* Project object */ = {
			isa = PBXProject;
			attributes = {
				LastSwiftUpdateCheck = 0820;
				LastUpgradeCheck = 0820;
				ORGANIZATIONNAME = jorgemoniz;
				TargetAttributes = {
					09BB723C1E92CB17001C8C85 = {
						CreatedOnToolsVersion = 8.2.1;
						ProvisioningStyle = Automatic;
					};
				};
			};
			buildConfigurationList = 09BB72381E92CB17001C8C85 /* Build configuration list for PBXProject "App_IntroCoreData" */;
			compatibilityVersion = "Xcode 3.2";
			developmentRegion = English;
			hasScannedForEncodings = 0;
			knownRegions = (
				en,
				Base,
			);
			mainGroup = 09BB72341E92CB17001C8C85;
			productRefGroup = 09BB723E1E92CB17001C8C85 /* Products */;
			projectDirPath = "";
			projectRoot = "";
			targets = (
				09BB723C1E92CB17001C8C85 /* App_IntroCoreData */,
			);
		};
/* End PBXProject section */

/* Begin PBXResourcesBuildPhase section */
		09BB723B1E92CB17001C8C85 /* Resources */ = {
			isa = PBXResourcesBuildPhase;
			buildActionMask = 2147483647;
			files = (
				09BB724E1E92CB17001C8C85 /* LaunchScreen.storyboard in Resources */,
				09BB724B1E92CB17001C8C85 /* Assets.xcassets in Resources */,
				09BB72461E92CB17001C8C85 /* Main.storyboard in Resources */,
			);
			runOnlyForDeploymentPostprocessing = 0;
		};
/* End PBXResourcesBuildPhase section */

/* Begin PBXSourcesBuildPhase section */
		09BB72391E92CB17001C8C85 /* Sources */ = {
			isa = PBXSourcesBuildPhase;
			buildActionMask = 2147483647;
			files = (
				09BB72491E92CB17001C8C85 /* App_IntroCoreData.xcdatamodeld in Sources */,
				09BB72431E92CB17001C8C85 /* ViewController.swift in Sources */,
				09BB72411E92CB17001C8C85 /* AppDelegate.swift in Sources */,
			);
			runOnlyForDeploymentPostprocessing = 0;
		};
/* End PBXSourcesBuildPhase section */

/* Begin PBXVariantGroup section */
		09BB72441E92CB17001C8C85 /* Main.storyboard */ = {
			isa = PBXVariantGroup;
			children = (
				09BB72451E92CB17001C8C85 /* Base */,
			);
			name = Main.storyboard;
			sourceTree = "<group>";
		};
		09BB724C1E92CB17001C8C85 /* LaunchScreen.storyboard */ = {
			isa = PBXVariantGroup;
			children = (
				09BB724D1E92CB17001C8C85 /* Base */,
			);
			name = LaunchScreen.storyboard;
			sourceTree = "<group>";
		};
/* End PBXVariantGroup section */

/* Begin XCBuildConfiguration section */
		09BB72501E92CB17001C8C85 /* Debug */ = {
			isa = XCBuildConfiguration;
			buildSettings = {
				ALWAYS_SEARCH_USER_PATHS = NO;
				CLANG_ANALYZER_NONNULL = YES;
				CLANG_CXX_LANGUAGE_STANDARD = "gnu++0x";
				CLANG_CXX_LIBRARY = "libc++";
				CLANG_ENABLE_MODULES = YES;
				CLANG_ENABLE_OBJC_ARC = YES;
				CLANG_WARN_BOOL_CONVERSION = YES;
				CLANG_WARN_CONSTANT_CONVERSION = YES;
				CLANG_WARN_DIRECT_OBJC_ISA_USAGE = YES_ERROR;
				CLANG_WARN_DOCUMENTATION_COMMENTS = YES;
				CLANG_WARN_EMPTY_BODY = YES;
				CLANG_WARN_ENUM_CONVERSION = YES;
				CLANG_WARN_INFINITE_RECURSION = YES;
				CLANG_WARN_INT_CONVERSION = YES;
				CLANG_WARN_OBJC_ROOT_CLASS = YES_ERROR;
				CLANG_WARN_SUSPICIOUS_MOVE = YES;
				CLANG_WARN_UNREACHABLE_CODE = YES;
				CLANG_WARN__DUPLICATE_METHOD_MATCH = YES;
				"CODE_SIGN_IDENTITY[sdk=iphoneos*]" = "iPhone Developer";
				COPY_PHASE_STRIP = NO;
				DEBUG_INFORMATION_FORMAT = dwarf;
				ENABLE_STRICT_OBJC_MSGSEND = YES;
				ENABLE_TESTABILITY = YES;
				GCC_C_LANGUAGE_STANDARD = gnu99;
				GCC_DYNAMIC_NO_PIC = NO;
				GCC_NO_COMMON_BLOCKS = YES;
				GCC_OPTIMIZATION_LEVEL = 0;
				GCC_PREPROCESSOR_DEFINITIONS = (
					"DEBUG=1",
					"$(inherited)",
				);
				GCC_WARN_64_TO_32_BIT_CONVERSION = YES;
				GCC_WARN_ABOUT_RETURN_TYPE = YES_ERROR;
				GCC_WARN_UNDECLARED_SELECTOR = YES;
				GCC_WARN_UNINITIALIZED_AUTOS = YES_AGGRESSIVE;
				GCC_WARN_UNUSED_FUNCTION = YES;
				GCC_WARN_UNUSED_VARIABLE = YES;
				IPHONEOS_DEPLOYMENT_TARGET = 10.2;
				MTL_ENABLE_DEBUG_INFO = YES;
				ONLY_ACTIVE_ARCH = YES;
				SDKROOT = iphoneos;
				SWIFT_ACTIVE_COMPILATION_CONDITIONS = DEBUG;
				SWIFT_OPTIMIZATION_LEVEL = "-Onone";
			};
			name = Debug;
		};
		09BB72511E92CB17001C8C85 /* Release */ = {
			isa = XCBuildConfiguration;
			buildSettings = {
				ALWAYS_SEARCH_USER_PATHS = NO;
				CLANG_ANALYZER_NONNULL = YES;
				CLANG_CXX_LANGUAGE_STANDARD = "gnu++0x";
				CLANG_CXX_LIBRARY = "libc++";
				CLANG_ENABLE_MODULES = YES;
				CLANG_ENABLE_OBJC_ARC = YES;
				CLANG_WARN_BOOL_CONVERSION = YES;
				CLANG_WARN_CONSTANT_CONVERSION = YES;
				CLANG_WARN_DIRECT_OBJC_ISA_USAGE = YES_ERROR;
				CLANG_WARN_DOCUMENTATION_COMMENTS = YES;
				CLANG_WARN_EMPTY_BODY = YES;
				CLANG_WARN_ENUM_CONVERSION = YES;
				CLANG_WARN_INFINITE_RECURSION = YES;
				CLANG_WARN_INT_CONVERSION = YES;
				CLANG_WARN_OBJC_ROOT_CLASS = YES_ERROR;
				CLANG_WARN_SUSPICIOUS_MOVE = YES;
				CLANG_WARN_UNREACHABLE_CODE = YES;
				CLANG_WARN__DUPLICATE_METHOD_MATCH = YES;
				"CODE_SIGN_IDENTITY[sdk=iphoneos*]" = "iPhone Developer";
				COPY_PHASE_STRIP = NO;
				DEBUG_INFORMATION_FORMAT = "dwarf-with-dsym";
				ENABLE_NS_ASSERTIONS = NO;
				ENABLE_STRICT_OBJC_MSGSEND = YES;
				GCC_C_LANGUAGE_STANDARD = gnu99;
				GCC_NO_COMMON_BLOCKS = YES;
				GCC_WARN_64_TO_32_BIT_CONVERSION = YES;
				GCC_WARN_ABOUT_RETURN_TYPE = YES_ERROR;
				GCC_WARN_UNDECLARED_SELECTOR = YES;
				GCC_WARN_UNINITIALIZED_AUTOS = YES_AGGRESSIVE;
				GCC_WARN_UNUSED_FUNCTION = YES;
				GCC_WARN_UNUSED_VARIABLE = YES;
				IPHONEOS_DEPLOYMENT_TARGET = 10.2;
				MTL_ENABLE_DEBUG_INFO = NO;
				SDKROOT = iphoneos;
				SWIFT_OPTIMIZATION_LEVEL = "-Owholemodule";
				VALIDATE_PRODUCT = YES;
			};
			name = Release;
		};
		09BB72531E92CB17001C8C85 /* Debug */ = {
			isa = XCBuildConfiguration;
			buildSettings = {
				ASSETCATALOG_COMPILER_APPICON_NAME = AppIcon;
				INFOPLIST_FILE = App_IntroCoreData/Info.plist;
				LD_RUNPATH_SEARCH_PATHS = "$(inherited) @executable_path/Frameworks";
				PRODUCT_BUNDLE_IDENTIFIER = "com.jorgemoniz.App-IntroCoreData";
				PRODUCT_NAME = "$(TARGET_NAME)";
				SWIFT_VERSION = 3.0;
			};
			name = Debug;
		};
		09BB72541E92CB17001C8C85 /* Release */ = {
			isa = XCBuildConfiguration;
			buildSettings = {
				ASSETCATALOG_COMPILER_APPICON_NAME = AppIcon;
				INFOPLIST_FILE = App_IntroCoreData/Info.plist;
				LD_RUNPATH_SEARCH_PATHS = "$(inherited) @executable_path/Frameworks";
				PRODUCT_BUNDLE_IDENTIFIER = "com.jorgemoniz.App-IntroCoreData";
				PRODUCT_NAME = "$(TARGET_NAME)";
				SWIFT_VERSION = 3.0;
			};
			name = Release;
		};
/* End XCBuildConfiguration section */

/* Begin XCConfigurationList section */
		09BB72381E92CB17001C8C85 /* Build configuration list for PBXProject "App_IntroCoreData" */ = {
			isa = XCConfigurationList;
			buildConfigurations = (
				09BB72501E92CB17001C8C85 /* Debug */,
				09BB72511E92CB17001C8C85 /* Release */,
			);
			defaultConfigurationIsVisible = 0;
			defaultConfigurationName = Release;
		};
		09BB72521E92CB17001C8C85 /* Build configuration list for PBXNativeTarget "App_IntroCoreData" */ = {
			isa = XCConfigurationList;
			buildConfigurations = (
				09BB72531E92CB17001C8C85 /* Debug */,
				09BB72541E92CB17001C8C85 /* Release */,
			);
			defaultConfigurationIsVisible = 0;
		};
/* End XCConfigurationList section */

/* Begin XCVersionGroup section */
		09BB72471E92CB17001C8C85 /* App_IntroCoreData.xcdatamodeld */ = {
			isa = XCVersionGroup;
			children = (
				09BB72481E92CB17001C8C85 /* App_IntroCoreData.xcdatamodel */,
			);
			currentVersion = 09BB72481E92CB17001C8C85 /* App_IntroCoreData.xcdatamodel */;
			path = App_IntroCoreData.xcdatamodeld;
			sourceTree = "<group>";
			versionGroupType = wrapper.xcdatamodel;
		};
/* End XCVersionGroup section */
	};
	rootObject = 09BB72351E92CB17001C8C85 /* Project object */;
}
